
Microsoft Visual Studio Solution File, Format Version 12.00
# Visual Studio Version 16
VisualStudioVersion = 16.0.30128.74
MinimumVisualStudioVersion = 10.0.40219.1
Project("{D954291E-2A0B-460D-934E-DC6B0785DB48}") = "Abc.CrmDialog.Shared", "Abc.CrmDialog.Shared\Abc.CrmDialog.Shared.shproj", "{D4A0DF1B-2F07-4112-A3FC-A1AED7421089}"
EndProject
Project("{FAE04EC0-301F-11D3-BF4B-00C04F79EFBC}") = "Abc.CrmDialog.WebResource", "Abc.CrmDialog.WebResource\Abc.CrmDialog.WebResource.csproj", "{9C32919A-E097-4B3E-9601-8C3191E4E702}"
EndProject
Project("{2150E333-8FDC-42A3-9474-1A3956D46DE8}") = "Solution Items", "Solution Items", "{DC7CA563-3E89-423B-9C71-7918D672D1D4}"
	ProjectSection(SolutionItems) = preProject
		DynamicsCrm.DevKit.Cli.json = DynamicsCrm.DevKit.Cli.json
		DynamicsCrm.DevKit.json = DynamicsCrm.DevKit.json
	EndProjectSection
EndProject
Global
	GlobalSection(SharedMSBuildProjectFiles) = preSolution
		Abc.CrmDialog.Shared\Abc.CrmDialog.Shared.projitems*{d4a0df1b-2f07-4112-a3fc-a1aed7421089}*SharedItemsImports = 13
	EndGlobalSection
	GlobalSection(SolutionConfigurationPlatforms) = preSolution
		Debug|Any CPU = Debug|Any CPU
		Release|Any CPU = Release|Any CPU
	EndGlobalSection
	GlobalSection(ProjectConfigurationPlatforms) = postSolution
		{9C32919A-E097-4B3E-9601-8C3191E4E702}.Debug|Any CPU.ActiveCfg = Debug|Any CPU
		{9C32919A-E097-4B3E-9601-8C3191E4E702}.Debug|Any CPU.Build.0 = Debug|Any CPU
		{9C32919A-E097-4B3E-9601-8C3191E4E702}.Release|Any CPU.ActiveCfg = Release|Any CPU
		{9C32919A-E097-4B3E-9601-8C3191E4E702}.Release|Any CPU.Build.0 = Release|Any CPU
	EndGlobalSection
	GlobalSection(SolutionProperties) = preSolution
		HideSolutionNode = FALSE
	EndGlobalSection
	GlobalSection(ExtensibilityGlobals) = postSolution
		SolutionGuid = {A11A5632-9739-4CB7-B997-30FC53AB2192}
	EndGlobalSection
EndGlobal
